
Microsoft Visual Studio Solution File, Format Version 12.00
# Visual Studio Version 17
VisualStudioVersion = 17.8.34330.188
MinimumVisualStudioVersion = 10.0.40219.1
Project("{FAE04EC0-301F-11D3-BF4B-00C04F79EFBC}") = "Lab7&8", "Lab7&8\Lab7&8.csproj", "{2DB923B0-7422-4F75-810E-6CAFEF86F5B3}"
EndProject
Project("{FAE04EC0-301F-11D3-BF4B-00C04F79EFBC}") = "TestLab7_8", "TestLab7_8\TestLab7_8.csproj", "{C53218C1-9053-4F9B-9E0E-046DAB01F510}"
EndProject
Global
	GlobalSection(SolutionConfigurationPlatforms) = preSolution
		Debug|Any CPU = Debug|Any CPU
		Release|Any CPU = Release|Any CPU
	EndGlobalSection
	GlobalSection(ProjectConfigurationPlatforms) = postSolution
		{2DB923B0-7422-4F75-810E-6CAFEF86F5B3}.Debug|Any CPU.ActiveCfg = Debug|Any CPU
		{2DB923B0-7422-4F75-810E-6CAFEF86F5B3}.Debug|Any CPU.Build.0 = Debug|Any CPU
		{2DB923B0-7422-4F75-810E-6CAFEF86F5B3}.Release|Any CPU.ActiveCfg = Release|Any CPU
		{2DB923B0-7422-4F75-810E-6CAFEF86F5B3}.Release|Any CPU.Build.0 = Release|Any CPU
		{C53218C1-9053-4F9B-9E0E-046DAB01F510}.Debug|Any CPU.ActiveCfg = Debug|Any CPU
		{C53218C1-9053-4F9B-9E0E-046DAB01F510}.Debug|Any CPU.Build.0 = Debug|Any CPU
		{C53218C1-9053-4F9B-9E0E-046DAB01F510}.Release|Any CPU.ActiveCfg = Release|Any CPU
		{C53218C1-9053-4F9B-9E0E-046DAB01F510}.Release|Any CPU.Build.0 = Release|Any CPU
	EndGlobalSection
	GlobalSection(SolutionProperties) = preSolution
		HideSolutionNode = FALSE
	EndGlobalSection
	GlobalSection(ExtensibilityGlobals) = postSolution
		SolutionGuid = {997BC407-D7B4-4905-875D-DCE7AD034216}
	EndGlobalSection
EndGlobal
